
Microsoft Visual Studio Solution File, Format Version 12.00
# Visual Studio 2017
Project("{FAE04EC0-301F-11D3-BF4B-00C04F79EFBC}") = "HonoursApp", "HonoursApp.csproj", "{80106C9E-A3F6-CE74-EB69-C9EDA8196A38}"
EndProject
Project("{FAE04EC0-301F-11D3-BF4B-00C04F79EFBC}") = "HonoursApp.Editor", "HonoursApp.Editor.csproj", "{0B4FC96F-A439-4264-8862-63D5F8CEA5B6}"
EndProject
Global
	GlobalSection(SolutionConfigurationPlatforms) = preSolution
		Debug|Any CPU = Debug|Any CPU
		Release|Any CPU = Release|Any CPU
	EndGlobalSection
	GlobalSection(ProjectConfigurationPlatforms) = postSolution
		{80106C9E-A3F6-CE74-EB69-C9EDA8196A38}.Debug|Any CPU.ActiveCfg = Debug|Any CPU
		{80106C9E-A3F6-CE74-EB69-C9EDA8196A38}.Debug|Any CPU.Build.0 = Debug|Any CPU
		{80106C9E-A3F6-CE74-EB69-C9EDA8196A38}.Release|Any CPU.ActiveCfg = Release|Any CPU
		{80106C9E-A3F6-CE74-EB69-C9EDA8196A38}.Release|Any CPU.Build.0 = Release|Any CPU
		{0B4FC96F-A439-4264-8862-63D5F8CEA5B6}.Debug|Any CPU.ActiveCfg = Debug|Any CPU
		{0B4FC96F-A439-4264-8862-63D5F8CEA5B6}.Debug|Any CPU.Build.0 = Debug|Any CPU
		{0B4FC96F-A439-4264-8862-63D5F8CEA5B6}.Release|Any CPU.ActiveCfg = Release|Any CPU
		{0B4FC96F-A439-4264-8862-63D5F8CEA5B6}.Release|Any CPU.Build.0 = Release|Any CPU
	EndGlobalSection
	GlobalSection(SolutionProperties) = preSolution
		HideSolutionNode = FALSE
	EndGlobalSection
EndGlobal
